
Microsoft Visual Studio Solution File, Format Version 12.00
# Visual Studio Version 16
VisualStudioVersion = 16.0.29519.181
MinimumVisualStudioVersion = 10.0.40219.1
Project("{FAE04EC0-301F-11D3-BF4B-00C04F79EFBC}") = "4", "4\4.csproj", "{C2B0A1AA-BDA4-4219-A11F-3636B27F7AF4}"
EndProject
Global
	GlobalSection(SolutionConfigurationPlatforms) = preSolution
		Debug|Any CPU = Debug|Any CPU
		Release|Any CPU = Release|Any CPU
	EndGlobalSection
	GlobalSection(ProjectConfigurationPlatforms) = postSolution
		{C2B0A1AA-BDA4-4219-A11F-3636B27F7AF4}.Debug|Any CPU.ActiveCfg = Debug|Any CPU
		{C2B0A1AA-BDA4-4219-A11F-3636B27F7AF4}.Debug|Any CPU.Build.0 = Debug|Any CPU
		{C2B0A1AA-BDA4-4219-A11F-3636B27F7AF4}.Release|Any CPU.ActiveCfg = Release|Any CPU
		{C2B0A1AA-BDA4-4219-A11F-3636B27F7AF4}.Release|Any CPU.Build.0 = Release|Any CPU
	EndGlobalSection
	GlobalSection(SolutionProperties) = preSolution
		HideSolutionNode = FALSE
	EndGlobalSection
	GlobalSection(ExtensibilityGlobals) = postSolution
		SolutionGuid = {9CDB8F9F-3C1B-43DC-B163-862C1638C1B2}
	EndGlobalSection
EndGlobal
